<?xml version="1.0" encoding="utf-8"?>
<Project ToolsVersion="4.0" xmlns="http://schemas.microsoft.com/developer/msbuild/2003">
  <ItemGroup>
    <Filter Include="Source Files">
      <UniqueIdentifier>{4FC737F1-C7A5-4376-A066-2A32D752A2FF}</UniqueIdentifier>
      <Extensions>cpp;c;cc;cxx;def;odl;idl;hpj;bat;asm;asmx</Extensions>
    </Filter>
    <Filter Include="Header Files">
      <UniqueIdentifier>{93995380-89BD-4b04-88EB-625FBE52EBFB}</UniqueIdentifier>
      <Extensions>h;hh;hpp;hxx;hm;inl;inc;xsd</Extensions>
    </Filter>
    <Filter Include="Resource Files">
      <UniqueIdentifier>{67DA6AB6-F800-4c08-8B7A-83BB121AAD01}</UniqueIdentifier>
      <Extensions>rc;ico;cur;bmp;dlg;rc2;rct;bin;rgs;gif;jpg;jpeg;jpe;resx;tiff;tif;png;wav;mfcribbon-ms</Extensions>
    </Filter>
  </ItemGroup>
  <ItemGroup>
    <None Include="SQRLduino.ino" />
    <None Include="src\_micro-api\libraries\SQRLduinoLib\library.properties" />
  </ItemGroup>
  <ItemGroup>
    <ClInclude Include="__vm\.SQRLduino.vsarduino.h">
      <Filter>Header Files</Filter>
    </ClInclude>
    <ClInclude Include="..\src\aes.h">
      <Filter>Header Files</Filter>
    </ClInclude>
    <ClInclude Include="..\src\gcm.h">
      <Filter>Header Files</Filter>
    </ClInclude>
    <ClInclude Include="..\src\sqrl.h">
      <Filter>Header Files</Filter>
    </ClInclude>
    <ClInclude Include="..\src\sqrl_internal.h">
      <Filter>Header Files</Filter>
    </ClInclude>
    <ClInclude Include="..\src\sqrl_server.h">
      <Filter>Header Files</Filter>
    </ClInclude>
    <ClInclude Include="..\src\SqrlAction.h">
      <Filter>Header Files</Filter>
    </ClInclude>
    <ClInclude Include="..\src\SqrlActionChangePassword.h">
      <Filter>Header Files</Filter>
    </ClInclude>
    <ClInclude Include="..\src\SqrlActionDisable.h">
      <Filter>Header Files</Filter>
    </ClInclude>
    <ClInclude Include="..\src\SqrlActionEnable.h">
      <Filter>Header Files</Filter>
    </ClInclude>
    <ClInclude Include="..\src\SqrlActionGenerate.h">
      <Filter>Header Files</Filter>
    </ClInclude>
    <ClInclude Include="..\src\SqrlActionIdent.h">
      <Filter>Header Files</Filter>
    </ClInclude>
    <ClInclude Include="..\src\SqrlActionLock.h">
      <Filter>Header Files</Filter>
    </ClInclude>
    <ClInclude Include="..\src\SqrlActionRekey.h">
      <Filter>Header Files</Filter>
    </ClInclude>
    <ClInclude Include="..\src\SqrlActionRemove.h">
      <Filter>Header Files</Filter>
    </ClInclude>
    <ClInclude Include="..\src\SqrlActionRescue.h">
      <Filter>Header Files</Filter>
    </ClInclude>
    <ClInclude Include="..\src\SqrlActionSave.h">
      <Filter>Header Files</Filter>
    </ClInclude>
    <ClInclude Include="..\src\SqrlBase64.h">
      <Filter>Header Files</Filter>
    </ClInclude>
    <ClInclude Include="..\src\SqrlBlock.h">
      <Filter>Header Files</Filter>
    </ClInclude>
    <ClInclude Include="..\src\SqrlClient.h">
      <Filter>Header Files</Filter>
    </ClInclude>
    <ClInclude Include="..\src\SqrlCrypt.h">
      <Filter>Header Files</Filter>
    </ClInclude>
    <ClInclude Include="..\src\SqrlEncoder.h">
      <Filter>Header Files</Filter>
    </ClInclude>
    <ClInclude Include="..\src\SqrlEntropy.h">
      <Filter>Header Files</Filter>
    </ClInclude>
    <ClInclude Include="..\src\SqrlEntropy_Arduino.h">
      <Filter>Header Files</Filter>
    </ClInclude>
    <ClInclude Include="..\src\SqrlIdentityAction.h">
      <Filter>Header Files</Filter>
    </ClInclude>
    <ClInclude Include="..\src\SqrlSiteAction.h">
      <Filter>Header Files</Filter>
    </ClInclude>
    <ClInclude Include="..\src\SqrlStorage.h">
      <Filter>Header Files</Filter>
    </ClInclude>
    <ClInclude Include="..\src\SqrlUri.h">
      <Filter>Header Files</Filter>
    </ClInclude>
    <ClInclude Include="..\src\SqrlUrlEncode.h">
      <Filter>Header Files</Filter>
    </ClInclude>
    <ClInclude Include="..\src\SqrlUser.h">
      <Filter>Header Files</Filter>
    </ClInclude>
    <ClInclude Include="..\src\version.h">
      <Filter>Header Files</Filter>
    </ClInclude>
    <ClInclude Include="..\src\SqrlString.h">
      <Filter>Header Files</Filter>
    </ClInclude>
    <ClInclude Include="..\src\SqrlDeque.h">
      <Filter>Header Files</Filter>
    </ClInclude>
    <ClInclude Include="..\src\SqrlKeySet.h">
      <Filter>Header Files</Filter>
    </ClInclude>
    <ClInclude Include="..\src\SqrlFixedString.h">
      <Filter>Header Files</Filter>
    </ClInclude>
  </ItemGroup>
  <ItemGroup>
    <ClCompile Include="..\src\aes.cpp">
      <Filter>Source Files</Filter>
    </ClCompile>
    <ClCompile Include="..\src\gcm.cpp">
      <Filter>Source Files</Filter>
    </ClCompile>
    <ClCompile Include="..\src\SqrlAction.cpp">
      <Filter>Source Files</Filter>
    </ClCompile>
    <ClCompile Include="..\src\SqrlActionChangePassword.cpp">
      <Filter>Source Files</Filter>
    </ClCompile>
    <ClCompile Include="..\src\SqrlActionDisable.cpp">
      <Filter>Source Files</Filter>
    </ClCompile>
    <ClCompile Include="..\src\SqrlActionEnable.cpp">
      <Filter>Source Files</Filter>
    </ClCompile>
    <ClCompile Include="..\src\SqrlActionGenerate.cpp">
      <Filter>Source Files</Filter>
    </ClCompile>
    <ClCompile Include="..\src\SqrlActionIdent.cpp">
      <Filter>Source Files</Filter>
    </ClCompile>
    <ClCompile Include="..\src\SqrlActionLock.cpp">
      <Filter>Source Files</Filter>
    </ClCompile>
    <ClCompile Include="..\src\SqrlActionRekey.cpp">
      <Filter>Source Files</Filter>
    </ClCompile>
    <ClCompile Include="..\src\SqrlActionRemove.cpp">
      <Filter>Source Files</Filter>
    </ClCompile>
    <ClCompile Include="..\src\SqrlActionRescue.cpp">
      <Filter>Source Files</Filter>
    </ClCompile>
    <ClCompile Include="..\src\SqrlActionSave.cpp">
      <Filter>Source Files</Filter>
    </ClCompile>
    <ClCompile Include="..\src\SqrlBase64.cpp">
      <Filter>Source Files</Filter>
    </ClCompile>
    <ClCompile Include="..\src\SqrlBlock.cpp">
      <Filter>Source Files</Filter>
    </ClCompile>
    <ClCompile Include="..\src\SqrlClient.cpp">
      <Filter>Source Files</Filter>
    </ClCompile>
    <ClCompile Include="..\src\SqrlCrypt.cpp">
      <Filter>Source Files</Filter>
    </ClCompile>
    <ClCompile Include="..\src\SqrlEntropy.cpp">
      <Filter>Source Files</Filter>
    </ClCompile>
    <ClCompile Include="..\src\SqrlIdentityAction.cpp">
      <Filter>Source Files</Filter>
    </ClCompile>
    <ClCompile Include="..\src\SqrlSiteAction.cpp">
      <Filter>Source Files</Filter>
    </ClCompile>
    <ClCompile Include="..\src\SqrlStorage.cpp">
      <Filter>Source Files</Filter>
    </ClCompile>
    <ClCompile Include="..\src\SqrlUri.cpp">
      <Filter>Source Files</Filter>
    </ClCompile>
    <ClCompile Include="..\src\SqrlUrlEncode.cpp">
      <Filter>Source Files</Filter>
    </ClCompile>
    <ClCompile Include="..\src\SqrlUser.cpp">
      <Filter>Source Files</Filter>
    </ClCompile>
    <ClCompile Include="..\src\SqrlUser_storage.cpp">
      <Filter>Source Files</Filter>
    </ClCompile>
    <ClCompile Include="..\src\util.cpp">
      <Filter>Source Files</Filter>
    </ClCompile>
    <ClCompile Include="..\src\SqrlKeySet.cpp">
      <Filter>Source Files</Filter>
    </ClCompile>
  </ItemGroup>
</Project>