<?xml version="1.0" encoding="utf-8"?>
<Project ToolsVersion="4.0" xmlns="http://schemas.microsoft.com/developer/msbuild/2003">
  <ItemGroup>
    <Filter Include="Source Files">
      <UniqueIdentifier>{4FC737F1-C7A5-4376-A066-2A32D752A2FF}</UniqueIdentifier>
      <Extensions>cpp;c;cc;cxx;def;odl;idl;hpj;bat;asm;asmx</Extensions>
    </Filter>
    <Filter Include="Header Files">
      <UniqueIdentifier>{93995380-89BD-4b04-88EB-625FBE52EBFB}</UniqueIdentifier>
      <Extensions>h;hh;hpp;hxx;hm;inl;inc;xsd</Extensions>
    </Filter>
    <Filter Include="Resource Files">
      <UniqueIdentifier>{67DA6AB6-F800-4c08-8B7A-83BB121AAD01}</UniqueIdentifier>
      <Extensions>rc;ico;cur;bmp;dlg;rc2;rct;bin;rgs;gif;jpg;jpeg;jpe;resx;tiff;tif;png;wav;mfcribbon-ms</Extensions>
    </Filter>
    <Filter Include="Header Files\Crypto">
      <UniqueIdentifier>{3089433a-aa2e-4e69-a332-a8383bf1fe12}</UniqueIdentifier>
    </Filter>
    <Filter Include="Header Files\Entropy">
      <UniqueIdentifier>{642d36bd-c52e-4f37-a30f-a7e2c37ac4c3}</UniqueIdentifier>
    </Filter>
    <Filter Include="Source Files\Crypto">
      <UniqueIdentifier>{a97d2e3e-7af7-46e4-aeaa-fcb9551a6bec}</UniqueIdentifier>
    </Filter>
    <Filter Include="Source Files\Entropy">
      <UniqueIdentifier>{f791e6ef-4836-4753-a05e-69ddc96fa676}</UniqueIdentifier>
    </Filter>
    <Filter Include="Header Files\Classes">
      <UniqueIdentifier>{5c2d5464-55a6-4f70-905f-0507e9e854f4}</UniqueIdentifier>
    </Filter>
    <Filter Include="Source Files\Classes">
      <UniqueIdentifier>{2f953f56-41a8-4db5-b033-0227908f6dd2}</UniqueIdentifier>
    </Filter>
    <Filter Include="Source Files\Util">
      <UniqueIdentifier>{e547ce9c-6fc9-48f4-b96a-88731eea1f96}</UniqueIdentifier>
    </Filter>
    <Filter Include="Header Files\Util">
      <UniqueIdentifier>{05a70570-9ea4-4777-b3b5-b7c85d597910}</UniqueIdentifier>
    </Filter>
    <Filter Include="Header Files\Class Forwards">
      <UniqueIdentifier>{5072caf0-83f0-4fbf-a1c2-3837be5791c2}</UniqueIdentifier>
    </Filter>
  </ItemGroup>
  <ItemGroup>
    <ClCompile Include="..\..\src\server_protocol.cpp">
      <Filter>Source Files</Filter>
    </ClCompile>
    <ClCompile Include="..\..\src\server.cpp">
      <Filter>Source Files</Filter>
    </ClCompile>
    <ClCompile Include="..\..\src\client_protocol.cpp">
      <Filter>Source Files</Filter>
    </ClCompile>
    <ClCompile Include="..\..\src\client.cpp">
      <Filter>Source Files</Filter>
    </ClCompile>
    <ClCompile Include="..\..\src\encdec.cpp">
      <Filter>Source Files\Util</Filter>
    </ClCompile>
    <ClCompile Include="..\..\src\platform.cpp">
      <Filter>Source Files\Util</Filter>
    </ClCompile>
    <ClCompile Include="..\..\src\realtime.cpp">
      <Filter>Source Files\Util</Filter>
    </ClCompile>
    <ClCompile Include="..\..\src\util.cpp">
      <Filter>Source Files\Util</Filter>
    </ClCompile>
    <ClCompile Include="..\..\src\SqrlBlock.cpp">
      <Filter>Source Files\Classes</Filter>
    </ClCompile>
    <ClCompile Include="..\..\src\SqrlStorage.cpp">
      <Filter>Source Files\Classes</Filter>
    </ClCompile>
    <ClCompile Include="..\..\src\SqrlTransaction.cpp">
      <Filter>Source Files\Classes</Filter>
    </ClCompile>
    <ClCompile Include="..\..\src\SqrlUri.cpp">
      <Filter>Source Files\Classes</Filter>
    </ClCompile>
    <ClCompile Include="..\..\src\SqrlUser.cpp">
      <Filter>Source Files\Classes</Filter>
    </ClCompile>
    <ClCompile Include="..\..\src\SqrlUser_storage.cpp">
      <Filter>Source Files\Classes</Filter>
    </ClCompile>
    <ClCompile Include="..\..\src\aes.cpp">
      <Filter>Source Files\Crypto</Filter>
    </ClCompile>
    <ClCompile Include="..\..\src\crypt.cpp">
      <Filter>Source Files\Crypto</Filter>
    </ClCompile>
    <ClCompile Include="..\..\src\gcm.cpp">
      <Filter>Source Files\Crypto</Filter>
    </ClCompile>
    <ClCompile Include="..\..\src\entropy.cpp">
      <Filter>Source Files\Entropy</Filter>
    </ClCompile>
    <ClCompile Include="..\..\src\rdrand.cpp">
      <Filter>Source Files\Entropy</Filter>
    </ClCompile>
    <ClCompile Include="..\..\src\SqrlClient.cpp">
      <Filter>Source Files\Classes</Filter>
    </ClCompile>
    <ClCompile Include="..\..\src\SqrlCrypt.cpp">
      <Filter>Source Files\Classes</Filter>
    </ClCompile>
  </ItemGroup>
  <ItemGroup>
    <ClInclude Include="..\..\src\sqrl_internal.h">
      <Filter>Header Files</Filter>
    </ClInclude>
    <ClInclude Include="..\..\src\sqrl_server.h">
      <Filter>Header Files</Filter>
    </ClInclude>
    <ClInclude Include="..\..\src\detect_platform.h">
      <Filter>Header Files\Util</Filter>
    </ClInclude>
    <ClInclude Include="..\..\src\utstring.h">
      <Filter>Header Files\Util</Filter>
    </ClInclude>
    <ClInclude Include="..\..\src\sqrl.h">
      <Filter>Header Files</Filter>
    </ClInclude>
    <ClInclude Include="..\..\src\SqrlBlock.h">
      <Filter>Header Files\Classes</Filter>
    </ClInclude>
    <ClInclude Include="..\..\src\SqrlUri.h">
      <Filter>Header Files\Classes</Filter>
    </ClInclude>
    <ClInclude Include="..\..\src\SqrlStorage.h">
      <Filter>Header Files\Classes</Filter>
    </ClInclude>
    <ClInclude Include="..\..\src\SqrlTransaction.h">
      <Filter>Header Files\Classes</Filter>
    </ClInclude>
    <ClInclude Include="..\..\src\SqrlUser.h">
      <Filter>Header Files\Classes</Filter>
    </ClInclude>
    <ClInclude Include="..\..\src\aes.h">
      <Filter>Header Files\Crypto</Filter>
    </ClInclude>
    <ClInclude Include="..\..\src\gcm.h">
      <Filter>Header Files\Crypto</Filter>
    </ClInclude>
    <ClInclude Include="..\..\src\entropy.h">
      <Filter>Header Files\Entropy</Filter>
    </ClInclude>
    <ClInclude Include="..\..\src\entropy_linux.h">
      <Filter>Header Files\Entropy</Filter>
    </ClInclude>
    <ClInclude Include="..\..\src\entropy_mac.h">
      <Filter>Header Files\Entropy</Filter>
    </ClInclude>
    <ClInclude Include="..\..\src\entropy_win.h">
      <Filter>Header Files\Entropy</Filter>
    </ClInclude>
    <ClInclude Include="..\..\src\rdrand.h">
      <Filter>Header Files\Entropy</Filter>
    </ClInclude>
    <ClInclude Include="..\..\src\SqrlClient.h">
      <Filter>Header Files\Classes</Filter>
    </ClInclude>
    <ClInclude Include="..\..\src\SqrlCrypt.h">
      <Filter>Header Files\Classes</Filter>
    </ClInclude>
    <ClInclude Include="..\..\src\SqrlBlock.fwd.h">
      <Filter>Header Files\Class Forwards</Filter>
    </ClInclude>
    <ClInclude Include="..\..\src\SqrlClient.fwd.h">
      <Filter>Header Files\Class Forwards</Filter>
    </ClInclude>
    <ClInclude Include="..\..\src\SqrlCrypt.fwd.h">
      <Filter>Header Files\Class Forwards</Filter>
    </ClInclude>
    <ClInclude Include="..\..\src\SqrlStorage.fwd.h">
      <Filter>Header Files\Class Forwards</Filter>
    </ClInclude>
    <ClInclude Include="..\..\src\SqrlTransaction.fwd.h">
      <Filter>Header Files\Class Forwards</Filter>
    </ClInclude>
    <ClInclude Include="..\..\src\SqrlUri.fwd.h">
      <Filter>Header Files\Class Forwards</Filter>
    </ClInclude>
    <ClInclude Include="..\..\src\SqrlUser.fwd.h">
      <Filter>Header Files\Class Forwards</Filter>
    </ClInclude>
  </ItemGroup>
  <ItemGroup>
    <None Include="..\..\src\config.h">
      <Filter>Header Files\Util</Filter>
    </None>
  </ItemGroup>
</Project>