
Microsoft Visual Studio Solution File, Format Version 12.00
# Visual Studio 14
VisualStudioVersion = 14.0.25420.1
MinimumVisualStudioVersion = 10.0.40219.1
Project("{8BC9CEB8-8B4A-11D0-8D11-00A0C91BC942}") = "libsqrl", "libsqrl\libsqrl.vcxproj", "{8650669D-990F-4CE1-A2B9-D0887D69C8C8}"
EndProject
Project("{8BC9CEB8-8B4A-11D0-8D11-00A0C91BC942}") = "libsqrl-test", "libsqrl-test\libsqrl-test.vcxproj", "{BDE49420-267D-4F8D-B051-55BD3002A18B}"
EndProject
Project("{8BC9CEB8-8B4A-11D0-8D11-00A0C91BC942}") = "libsodium", "..\..\libsodium\builds\msvc\vs2015\libsodium\libsodium.vcxproj", "{A185B162-6CB6-4502-B03F-B56F7699A8D9}"
EndProject
Global
	GlobalSection(SolutionConfigurationPlatforms) = preSolution
		Debug|x64 = Debug|x64
		Debug|x86 = Debug|x86
		Release|x64 = Release|x64
		Release|x86 = Release|x86
	EndGlobalSection
	GlobalSection(ProjectConfigurationPlatforms) = postSolution
		{8650669D-990F-4CE1-A2B9-D0887D69C8C8}.Debug|x64.ActiveCfg = Debug|x64
		{8650669D-990F-4CE1-A2B9-D0887D69C8C8}.Debug|x64.Build.0 = Debug|x64
		{8650669D-990F-4CE1-A2B9-D0887D69C8C8}.Debug|x86.ActiveCfg = Debug|Win32
		{8650669D-990F-4CE1-A2B9-D0887D69C8C8}.Debug|x86.Build.0 = Debug|Win32
		{8650669D-990F-4CE1-A2B9-D0887D69C8C8}.Release|x64.ActiveCfg = Release|x64
		{8650669D-990F-4CE1-A2B9-D0887D69C8C8}.Release|x64.Build.0 = Release|x64
		{8650669D-990F-4CE1-A2B9-D0887D69C8C8}.Release|x86.ActiveCfg = Release|Win32
		{8650669D-990F-4CE1-A2B9-D0887D69C8C8}.Release|x86.Build.0 = Release|Win32
		{BDE49420-267D-4F8D-B051-55BD3002A18B}.Debug|x64.ActiveCfg = Debug|x64
		{BDE49420-267D-4F8D-B051-55BD3002A18B}.Debug|x64.Build.0 = Debug|x64
		{BDE49420-267D-4F8D-B051-55BD3002A18B}.Debug|x86.ActiveCfg = Debug|Win32
		{BDE49420-267D-4F8D-B051-55BD3002A18B}.Debug|x86.Build.0 = Debug|Win32
		{BDE49420-267D-4F8D-B051-55BD3002A18B}.Release|x64.ActiveCfg = Release|x64
		{BDE49420-267D-4F8D-B051-55BD3002A18B}.Release|x64.Build.0 = Release|x64
		{BDE49420-267D-4F8D-B051-55BD3002A18B}.Release|x86.ActiveCfg = Release|Win32
		{BDE49420-267D-4F8D-B051-55BD3002A18B}.Release|x86.Build.0 = Release|Win32
		{A185B162-6CB6-4502-B03F-B56F7699A8D9}.Debug|x64.ActiveCfg = DebugLIB|x64
		{A185B162-6CB6-4502-B03F-B56F7699A8D9}.Debug|x64.Build.0 = DebugLIB|x64
		{A185B162-6CB6-4502-B03F-B56F7699A8D9}.Debug|x86.ActiveCfg = DebugLIB|Win32
		{A185B162-6CB6-4502-B03F-B56F7699A8D9}.Debug|x86.Build.0 = DebugLIB|Win32
		{A185B162-6CB6-4502-B03F-B56F7699A8D9}.Release|x64.ActiveCfg = ReleaseLIB|x64
		{A185B162-6CB6-4502-B03F-B56F7699A8D9}.Release|x64.Build.0 = ReleaseLIB|x64
		{A185B162-6CB6-4502-B03F-B56F7699A8D9}.Release|x86.ActiveCfg = ReleaseLIB|Win32
		{A185B162-6CB6-4502-B03F-B56F7699A8D9}.Release|x86.Build.0 = ReleaseLIB|Win32
	EndGlobalSection
	GlobalSection(SolutionProperties) = preSolution
		HideSolutionNode = FALSE
	EndGlobalSection
EndGlobal
